// !$*UTF8*$!
{
	archiveVersion = 1;
	classes = {
	};
	objectVersion = 51;
	objects = {

/* Begin PBXBuildFile section */
		0CD7999E20BE98060AE2E8AE /* Pods_realmTableView.framework in Frameworks */ = {isa = PBXBuildFile; fileRef = 4CA6AC44A7988D2F7BE31E14 /* Pods_realmTableView.framework */; };
		BF67B4842753D3D6000CCF93 /* AppDelegate.swift in Sources */ = {isa = PBXBuildFile; fileRef = BF67B4832753D3D6000CCF93 /* AppDelegate.swift */; };
		BF67B4862753D3D6000CCF93 /* SceneDelegate.swift in Sources */ = {isa = PBXBuildFile; fileRef = BF67B4852753D3D6000CCF93 /* SceneDelegate.swift */; };
		BF67B4882753D3D6000CCF93 /* TableViewControllerNotes.swift in Sources */ = {isa = PBXBuildFile; fileRef = BF67B4872753D3D6000CCF93 /* TableViewControllerNotes.swift */; };
		BF67B48B2753D3D6000CCF93 /* Main.storyboard in Resources */ = {isa = PBXBuildFile; fileRef = BF67B4892753D3D6000CCF93 /* Main.storyboard */; };
		BF67B48D2753D3E0000CCF93 /* Assets.xcassets in Resources */ = {isa = PBXBuildFile; fileRef = BF67B48C2753D3E0000CCF93 /* Assets.xcassets */; };
		BF67B4902753D3E0000CCF93 /* LaunchScreen.storyboard in Resources */ = {isa = PBXBuildFile; fileRef = BF67B48E2753D3E0000CCF93 /* LaunchScreen.storyboard */; };
		BF67B4982753D66B000CCF93 /* Item.swift in Sources */ = {isa = PBXBuildFile; fileRef = BF67B4972753D66B000CCF93 /* Item.swift */; };
/* End PBXBuildFile section */

/* Begin PBXFileReference section */
		4CA6AC44A7988D2F7BE31E14 /* Pods_realmTableView.framework */ = {isa = PBXFileReference; explicitFileType = wrapper.framework; includeInIndex = 0; path = Pods_realmTableView.framework; sourceTree = BUILT_PRODUCTS_DIR; };
		54E51DB4D4727F94D8B14FAE /* Pods-realmTableView.release.xcconfig */ = {isa = PBXFileReference; includeInIndex = 1; lastKnownFileType = text.xcconfig; name = "Pods-realmTableView.release.xcconfig"; path = "Target Support Files/Pods-realmTableView/Pods-realmTableView.release.xcconfig"; sourceTree = "<group>"; };
		701D4C5AE76F208B7F874B82 /* Pods-realmTableView.debug.xcconfig */ = {isa = PBXFileReference; includeInIndex = 1; lastKnownFileType = text.xcconfig; name = "Pods-realmTableView.debug.xcconfig"; path = "Target Support Files/Pods-realmTableView/Pods-realmTableView.debug.xcconfig"; sourceTree = "<group>"; };
		BF67B4802753D3D6000CCF93 /* realmTableView.app */ = {isa = PBXFileReference; explicitFileType = wrapper.application; includeInIndex = 0; path = realmTableView.app; sourceTree = BUILT_PRODUCTS_DIR; };
		BF67B4832753D3D6000CCF93 /* AppDelegate.swift */ = {isa = PBXFileReference; lastKnownFileType = sourcecode.swift; path = AppDelegate.swift; sourceTree = "<group>"; };
		BF67B4852753D3D6000CCF93 /* SceneDelegate.swift */ = {isa = PBXFileReference; lastKnownFileType = sourcecode.swift; path = SceneDelegate.swift; sourceTree = "<group>"; };
		BF67B4872753D3D6000CCF93 /* TableViewControllerNotes.swift */ = {isa = PBXFileReference; lastKnownFileType = sourcecode.swift; path = TableViewControllerNotes.swift; sourceTree = "<group>"; };
		BF67B48A2753D3D6000CCF93 /* Base */ = {isa = PBXFileReference; lastKnownFileType = file.storyboard; name = Base; path = Base.lproj/Main.storyboard; sourceTree = "<group>"; };
		BF67B48C2753D3E0000CCF93 /* Assets.xcassets */ = {isa = PBXFileReference; lastKnownFileType = folder.assetcatalog; path = Assets.xcassets; sourceTree = "<group>"; };
		BF67B48F2753D3E0000CCF93 /* Base */ = {isa = PBXFileReference; lastKnownFileType = file.storyboard; name = Base; path = Base.lproj/LaunchScreen.storyboard; sourceTree = "<group>"; };
		BF67B4912753D3E0000CCF93 /* Info.plist */ = {isa = PBXFileReference; lastKnownFileType = text.plist.xml; path = Info.plist; sourceTree = "<group>"; };
		BF67B4972753D66B000CCF93 /* Item.swift */ = {isa = PBXFileReference; lastKnownFileType = sourcecode.swift; path = Item.swift; sourceTree = "<group>"; };
/* End PBXFileReference section */

/* Begin PBXFrameworksBuildPhase section */
		BF67B47D2753D3D6000CCF93 /* Frameworks */ = {
			isa = PBXFrameworksBuildPhase;
			buildActionMask = 2147483647;
			files = (
				0CD7999E20BE98060AE2E8AE /* Pods_realmTableView.framework in Frameworks */,
			);
			runOnlyForDeploymentPostprocessing = 0;
		};
/* End PBXFrameworksBuildPhase section */

/* Begin PBXGroup section */
		0492F26A30D1DAFDACA1105D /* Pods */ = {
			isa = PBXGroup;
			children = (
				701D4C5AE76F208B7F874B82 /* Pods-realmTableView.debug.xcconfig */,
				54E51DB4D4727F94D8B14FAE /* Pods-realmTableView.release.xcconfig */,
			);
			path = Pods;
			sourceTree = "<group>";
		};
		BF67B4772753D3D6000CCF93 = {
			isa = PBXGroup;
			children = (
				BF67B4822753D3D6000CCF93 /* realmTableView */,
				BF67B4812753D3D6000CCF93 /* Products */,
				0492F26A30D1DAFDACA1105D /* Pods */,
				FEA5F909A34C4C1E31A1CFD7 /* Frameworks */,
			);
			sourceTree = "<group>";
		};
		BF67B4812753D3D6000CCF93 /* Products */ = {
			isa = PBXGroup;
			children = (
				BF67B4802753D3D6000CCF93 /* realmTableView.app */,
			);
			name = Products;
			sourceTree = "<group>";
		};
		BF67B4822753D3D6000CCF93 /* realmTableView */ = {
			isa = PBXGroup;
			children = (
				BF67B4972753D66B000CCF93 /* Item.swift */,
				BF67B4832753D3D6000CCF93 /* AppDelegate.swift */,
				BF67B4852753D3D6000CCF93 /* SceneDelegate.swift */,
				BF67B4872753D3D6000CCF93 /* TableViewControllerNotes.swift */,
				BF67B4892753D3D6000CCF93 /* Main.storyboard */,
				BF67B48C2753D3E0000CCF93 /* Assets.xcassets */,
				BF67B48E2753D3E0000CCF93 /* LaunchScreen.storyboard */,
				BF67B4912753D3E0000CCF93 /* Info.plist */,
			);
			path = realmTableView;
			sourceTree = "<group>";
		};
		FEA5F909A34C4C1E31A1CFD7 /* Frameworks */ = {
			isa = PBXGroup;
			children = (
				4CA6AC44A7988D2F7BE31E14 /* Pods_realmTableView.framework */,
			);
			name = Frameworks;
			sourceTree = "<group>";
		};
/* End PBXGroup section */

/* Begin PBXNativeTarget section */
		BF67B47F2753D3D6000CCF93 /* realmTableView */ = {
			isa = PBXNativeTarget;
			buildConfigurationList = BF67B4942753D3E0000CCF93 /* Build configuration list for PBXNativeTarget "realmTableView" */;
			buildPhases = (
				EBEDE1CCA2BEE84EEC513B2C /* [CP] Check Pods Manifest.lock */,
				BF67B47C2753D3D6000CCF93 /* Sources */,
				BF67B47D2753D3D6000CCF93 /* Frameworks */,
				BF67B47E2753D3D6000CCF93 /* Resources */,
				4CA36A4835F5A15873009335 /* [CP] Embed Pods Frameworks */,
			);
			buildRules = (
			);
			dependencies = (
			);
			name = realmTableView;
			productName = realmTableView;
			productReference = BF67B4802753D3D6000CCF93 /* realmTableView.app */;
			productType = "com.apple.product-type.application";
		};
/* End PBXNativeTarget section */

/* Begin PBXProject section */
		BF67B4782753D3D6000CCF93 /* Project object */ = {
			isa = PBXProject;
			attributes = {
				LastSwiftUpdateCheck = 1250;
				LastUpgradeCheck = 1250;
				TargetAttributes = {
					BF67B47F2753D3D6000CCF93 = {
						CreatedOnToolsVersion = 12.5;
					};
				};
			};
			buildConfigurationList = BF67B47B2753D3D6000CCF93 /* Build configuration list for PBXProject "realmTableView" */;
			compatibilityVersion = "Xcode 9.3";
			developmentRegion = en;
			hasScannedForEncodings = 0;
			knownRegions = (
				en,
				Base,
			);
			mainGroup = BF67B4772753D3D6000CCF93;
			productRefGroup = BF67B4812753D3D6000CCF93 /* Products */;
			projectDirPath = "";
			projectRoot = "";
			targets = (
				BF67B47F2753D3D6000CCF93 /* realmTableView */,
			);
		};
/* End PBXProject section */

/* Begin PBXResourcesBuildPhase section */
		BF67B47E2753D3D6000CCF93 /* Resources */ = {
			isa = PBXResourcesBuildPhase;
			buildActionMask = 2147483647;
			files = (
				BF67B4902753D3E0000CCF93 /* LaunchScreen.storyboard in Resources */,
				BF67B48D2753D3E0000CCF93 /* Assets.xcassets in Resources */,
				BF67B48B2753D3D6000CCF93 /* Main.storyboard in Resources */,
			);
			runOnlyForDeploymentPostprocessing = 0;
		};
/* End PBXResourcesBuildPhase section */

/* Begin PBXShellScriptBuildPhase section */
		4CA36A4835F5A15873009335 /* [CP] Embed Pods Frameworks */ = {
			isa = PBXShellScriptBuildPhase;
			buildActionMask = 2147483647;
			files = (
			);
			inputFileListPaths = (
				"${PODS_ROOT}/Target Support Files/Pods-realmTableView/Pods-realmTableView-frameworks-${CONFIGURATION}-input-files.xcfilelist",
			);
			name = "[CP] Embed Pods Frameworks";
			outputFileListPaths = (
				"${PODS_ROOT}/Target Support Files/Pods-realmTableView/Pods-realmTableView-frameworks-${CONFIGURATION}-output-files.xcfilelist",
			);
			runOnlyForDeploymentPostprocessing = 0;
			shellPath = /bin/sh;
			shellScript = "\"${PODS_ROOT}/Target Support Files/Pods-realmTableView/Pods-realmTableView-frameworks.sh\"\n";
			showEnvVarsInLog = 0;
		};
		EBEDE1CCA2BEE84EEC513B2C /* [CP] Check Pods Manifest.lock */ = {
			isa = PBXShellScriptBuildPhase;
			buildActionMask = 2147483647;
			files = (
			);
			inputFileListPaths = (
			);
			inputPaths = (
				"${PODS_PODFILE_DIR_PATH}/Podfile.lock",
				"${PODS_ROOT}/Manifest.lock",
			);
			name = "[CP] Check Pods Manifest.lock";
			outputFileListPaths = (
			);
			outputPaths = (
				"$(DERIVED_FILE_DIR)/Pods-realmTableView-checkManifestLockResult.txt",
			);
			runOnlyForDeploymentPostprocessing = 0;
			shellPath = /bin/sh;
			shellScript = "diff \"${PODS_PODFILE_DIR_PATH}/Podfile.lock\" \"${PODS_ROOT}/Manifest.lock\" > /dev/null\nif [ $? != 0 ] ; then\n    # print error to STDERR\n    echo \"error: The sandbox is not in sync with the Podfile.lock. Run 'pod install' or update your CocoaPods installation.\" >&2\n    exit 1\nfi\n# This output is used by Xcode 'outputs' to avoid re-running this script phase.\necho \"SUCCESS\" > \"${SCRIPT_OUTPUT_FILE_0}\"\n";
			showEnvVarsInLog = 0;
		};
/* End PBXShellScriptBuildPhase section */

/* Begin PBXSourcesBuildPhase section */
		BF67B47C2753D3D6000CCF93 /* Sources */ = {
			isa = PBXSourcesBuildPhase;
			buildActionMask = 2147483647;
			files = (
				BF67B4982753D66B000CCF93 /* Item.swift in Sources */,
				BF67B4882753D3D6000CCF93 /* TableViewControllerNotes.swift in Sources */,
				BF67B4842753D3D6000CCF93 /* AppDelegate.swift in Sources */,
				BF67B4862753D3D6000CCF93 /* SceneDelegate.swift in Sources */,
			);
			runOnlyForDeploymentPostprocessing = 0;
		};
/* End PBXSourcesBuildPhase section */

/* Begin PBXVariantGroup section */
		BF67B4892753D3D6000CCF93 /* Main.storyboard */ = {
			isa = PBXVariantGroup;
			children = (
				BF67B48A2753D3D6000CCF93 /* Base */,
			);
			name = Main.storyboard;
			sourceTree = "<group>";
		};
		BF67B48E2753D3E0000CCF93 /* LaunchScreen.storyboard */ = {
			isa = PBXVariantGroup;
			children = (
				BF67B48F2753D3E0000CCF93 /* Base */,
			);
			name = LaunchScreen.storyboard;
			sourceTree = "<group>";
		};
/* End PBXVariantGroup section */

/* Begin XCBuildConfiguration section */
		BF67B4922753D3E0000CCF93 /* Debug */ = {
			isa = XCBuildConfiguration;
			buildSettings = {
				ALWAYS_SEARCH_USER_PATHS = NO;
				CLANG_ANALYZER_NONNULL = YES;
				CLANG_ANALYZER_NUMBER_OBJECT_CONVERSION = YES_AGGRESSIVE;
				CLANG_CXX_LANGUAGE_STANDARD = "gnu++14";
				CLANG_CXX_LIBRARY = "libc++";
				CLANG_ENABLE_MODULES = YES;
				CLANG_ENABLE_OBJC_ARC = YES;
				CLANG_ENABLE_OBJC_WEAK = YES;
				CLANG_WARN_BLOCK_CAPTURE_AUTORELEASING = YES;
				CLANG_WARN_BOOL_CONVERSION = YES;
				CLANG_WARN_COMMA = YES;
				CLANG_WARN_CONSTANT_CONVERSION = YES;
				CLANG_WARN_DEPRECATED_OBJC_IMPLEMENTATIONS = YES;
				CLANG_WARN_DIRECT_OBJC_ISA_USAGE = YES_ERROR;
				CLANG_WARN_DOCUMENTATION_COMMENTS = YES;
				CLANG_WARN_EMPTY_BODY = YES;
				CLANG_WARN_ENUM_CONVERSION = YES;
				CLANG_WARN_INFINITE_RECURSION = YES;
				CLANG_WARN_INT_CONVERSION = YES;
				CLANG_WARN_NON_LITERAL_NULL_CONVERSION = YES;
				CLANG_WARN_OBJC_IMPLICIT_RETAIN_SELF = YES;
				CLANG_WARN_OBJC_LITERAL_CONVERSION = YES;
				CLANG_WARN_OBJC_ROOT_CLASS = YES_ERROR;
				CLANG_WARN_QUOTED_INCLUDE_IN_FRAMEWORK_HEADER = YES;
				CLANG_WARN_RANGE_LOOP_ANALYSIS = YES;
				CLANG_WARN_STRICT_PROTOTYPES = YES;
				CLANG_WARN_SUSPICIOUS_MOVE = YES;
				CLANG_WARN_UNGUARDED_AVAILABILITY = YES_AGGRESSIVE;
				CLANG_WARN_UNREACHABLE_CODE = YES;
				CLANG_WARN__DUPLICATE_METHOD_MATCH = YES;
				COPY_PHASE_STRIP = NO;
				DEBUG_INFORMATION_FORMAT = dwarf;
				ENABLE_STRICT_OBJC_MSGSEND = YES;
				ENABLE_TESTABILITY = YES;
				GCC_C_LANGUAGE_STANDARD = gnu11;
				GCC_DYNAMIC_NO_PIC = NO;
				GCC_NO_COMMON_BLOCKS = YES;
				GCC_OPTIMIZATION_LEVEL = 0;
				GCC_PREPROCESSOR_DEFINITIONS = (
					"DEBUG=1",
					"$(inherited)",
				);
				GCC_WARN_64_TO_32_BIT_CONVERSION = YES;
				GCC_WARN_ABOUT_RETURN_TYPE = YES_ERROR;
				GCC_WARN_UNDECLARED_SELECTOR = YES;
				GCC_WARN_UNINITIALIZED_AUTOS = YES_AGGRESSIVE;
				GCC_WARN_UNUSED_FUNCTION = YES;
				GCC_WARN_UNUSED_VARIABLE = YES;
				IPHONEOS_DEPLOYMENT_TARGET = 14.5;
				MTL_ENABLE_DEBUG_INFO = INCLUDE_SOURCE;
				MTL_FAST_MATH = YES;
				ONLY_ACTIVE_ARCH = YES;
				SDKROOT = iphoneos;
				SWIFT_ACTIVE_COMPILATION_CONDITIONS = DEBUG;
				SWIFT_OPTIMIZATION_LEVEL = "-Onone";
			};
			name = Debug;
		};
		BF67B4932753D3E0000CCF93 /* Release */ = {
			isa = XCBuildConfiguration;
			buildSettings = {
				ALWAYS_SEARCH_USER_PATHS = NO;
				CLANG_ANALYZER_NONNULL = YES;
				CLANG_ANALYZER_NUMBER_OBJECT_CONVERSION = YES_AGGRESSIVE;
				CLANG_CXX_LANGUAGE_STANDARD = "gnu++14";
				CLANG_CXX_LIBRARY = "libc++";
				CLANG_ENABLE_MODULES = YES;
				CLANG_ENABLE_OBJC_ARC = YES;
				CLANG_ENABLE_OBJC_WEAK = YES;
				CLANG_WARN_BLOCK_CAPTURE_AUTORELEASING = YES;
				CLANG_WARN_BOOL_CONVERSION = YES;
				CLANG_WARN_COMMA = YES;
				CLANG_WARN_CONSTANT_CONVERSION = YES;
				CLANG_WARN_DEPRECATED_OBJC_IMPLEMENTATIONS = YES;
				CLANG_WARN_DIRECT_OBJC_ISA_USAGE = YES_ERROR;
				CLANG_WARN_DOCUMENTATION_COMMENTS = YES;
				CLANG_WARN_EMPTY_BODY = YES;
				CLANG_WARN_ENUM_CONVERSION = YES;
				CLANG_WARN_INFINITE_RECURSION = YES;
				CLANG_WARN_INT_CONVERSION = YES;
				CLANG_WARN_NON_LITERAL_NULL_CONVERSION = YES;
				CLANG_WARN_OBJC_IMPLICIT_RETAIN_SELF = YES;
				CLANG_WARN_OBJC_LITERAL_CONVERSION = YES;
				CLANG_WARN_OBJC_ROOT_CLASS = YES_ERROR;
				CLANG_WARN_QUOTED_INCLUDE_IN_FRAMEWORK_HEADER = YES;
				CLANG_WARN_RANGE_LOOP_ANALYSIS = YES;
				CLANG_WARN_STRICT_PROTOTYPES = YES;
				CLANG_WARN_SUSPICIOUS_MOVE = YES;
				CLANG_WARN_UNGUARDED_AVAILABILITY = YES_AGGRESSIVE;
				CLANG_WARN_UNREACHABLE_CODE = YES;
				CLANG_WARN__DUPLICATE_METHOD_MATCH = YES;
				COPY_PHASE_STRIP = NO;
				DEBUG_INFORMATION_FORMAT = "dwarf-with-dsym";
				ENABLE_NS_ASSERTIONS = NO;
				ENABLE_STRICT_OBJC_MSGSEND = YES;
				GCC_C_LANGUAGE_STANDARD = gnu11;
				GCC_NO_COMMON_BLOCKS = YES;
				GCC_WARN_64_TO_32_BIT_CONVERSION = YES;
				GCC_WARN_ABOUT_RETURN_TYPE = YES_ERROR;
				GCC_WARN_UNDECLARED_SELECTOR = YES;
				GCC_WARN_UNINITIALIZED_AUTOS = YES_AGGRESSIVE;
				GCC_WARN_UNUSED_FUNCTION = YES;
				GCC_WARN_UNUSED_VARIABLE = YES;
				IPHONEOS_DEPLOYMENT_TARGET = 14.5;
				MTL_ENABLE_DEBUG_INFO = NO;
				MTL_FAST_MATH = YES;
				SDKROOT = iphoneos;
				SWIFT_COMPILATION_MODE = wholemodule;
				SWIFT_OPTIMIZATION_LEVEL = "-O";
				VALIDATE_PRODUCT = YES;
			};
			name = Release;
		};
		BF67B4952753D3E0000CCF93 /* Debug */ = {
			isa = XCBuildConfiguration;
			baseConfigurationReference = 701D4C5AE76F208B7F874B82 /* Pods-realmTableView.debug.xcconfig */;
			buildSettings = {
				ASSETCATALOG_COMPILER_APPICON_NAME = AppIcon;
				ASSETCATALOG_COMPILER_GLOBAL_ACCENT_COLOR_NAME = AccentColor;
				CODE_SIGN_STYLE = Automatic;
				DEVELOPMENT_TEAM = HGNXB64TGD;
				INFOPLIST_FILE = realmTableView/Info.plist;
				LD_RUNPATH_SEARCH_PATHS = (
					"$(inherited)",
					"@executable_path/Frameworks",
				);
				PRODUCT_BUNDLE_IDENTIFIER = max.com.realmTableView;
				PRODUCT_NAME = "$(TARGET_NAME)";
				SWIFT_VERSION = 5.0;
				TARGETED_DEVICE_FAMILY = "1,2";
			};
			name = Debug;
		};
		BF67B4962753D3E0000CCF93 /* Release */ = {
			isa = XCBuildConfiguration;
			baseConfigurationReference = 54E51DB4D4727F94D8B14FAE /* Pods-realmTableView.release.xcconfig */;
			buildSettings = {
				ASSETCATALOG_COMPILER_APPICON_NAME = AppIcon;
				ASSETCATALOG_COMPILER_GLOBAL_ACCENT_COLOR_NAME = AccentColor;
				CODE_SIGN_STYLE = Automatic;
				DEVELOPMENT_TEAM = HGNXB64TGD;
				INFOPLIST_FILE = realmTableView/Info.plist;
				LD_RUNPATH_SEARCH_PATHS = (
					"$(inherited)",
					"@executable_path/Frameworks",
				);
				PRODUCT_BUNDLE_IDENTIFIER = max.com.realmTableView;
				PRODUCT_NAME = "$(TARGET_NAME)";
				SWIFT_VERSION = 5.0;
				TARGETED_DEVICE_FAMILY = "1,2";
			};
			name = Release;
		};
/* End XCBuildConfiguration section */

/* Begin XCConfigurationList section */
		BF67B47B2753D3D6000CCF93 /* Build configuration list for PBXProject "realmTableView" */ = {
			isa = XCConfigurationList;
			buildConfigurations = (
				BF67B4922753D3E0000CCF93 /* Debug */,
				BF67B4932753D3E0000CCF93 /* Release */,
			);
			defaultConfigurationIsVisible = 0;
			defaultConfigurationName = Release;
		};
		BF67B4942753D3E0000CCF93 /* Build configuration list for PBXNativeTarget "realmTableView" */ = {
			isa = XCConfigurationList;
			buildConfigurations = (
				BF67B4952753D3E0000CCF93 /* Debug */,
				BF67B4962753D3E0000CCF93 /* Release */,
			);
			defaultConfigurationIsVisible = 0;
			defaultConfigurationName = Release;
		};
/* End XCConfigurationList section */
	};
	rootObject = BF67B4782753D3D6000CCF93 /* Project object */;
}
